<?xml version="1.0" encoding="UTF-8" standalone="yes" ?>
<CodeBlocks_project_file>
	<FileVersion major="1" minor="6" />
	<Project>
		<Option title="2nd SFML" />
		<Option pch_mode="2" />
		<Option compiler="gcc" />
		<Build>
			<Target title="Debug">
				<Option output="bin/Debug/2nd SFML" prefix_auto="1" extension_auto="1" />
				<Option object_output="obj/Debug/" />
				<Option type="1" />
				<Option compiler="gcc" />
				<Compiler>
					<Add option="-g" />
				</Compiler>
			</Target>
			<Target title="Release">
				<Option output="bin/Release/2nd SFML" prefix_auto="1" extension_auto="1" />
				<Option object_output="obj/Release/" />
				<Option type="1" />
				<Option compiler="gcc" />
				<Compiler>
					<Add option="-O2" />
				</Compiler>
				<Linker>
					<Add option="-s" />
				</Linker>
			</Target>
		</Build>
		<Compiler>
			<Add option="-Wall" />
			<Add directory="../../../../../../../Program Files/CodeBlocks/SFML/include" />
		</Compiler>
		<Linker>
			<Add library="../../../../../../../Program Files/CodeBlocks/SFML/lib/libFLAC.a" />
			<Add library="../../../../../../../Program Files/CodeBlocks/SFML/lib/libfreetype.a" />
			<Add library="../../../../../../../Program Files/CodeBlocks/SFML/lib/libogg.a" />
			<Add library="../../../../../../../Program Files/CodeBlocks/SFML/lib/libopenal32.a" />
			<Add library="../../../../../../../Program Files/CodeBlocks/SFML/lib/libsfml-audio.a" />
			<Add library="../../../../../../../Program Files/CodeBlocks/SFML/lib/libsfml-audio-d.a" />
			<Add library="../../../../../../../Program Files/CodeBlocks/SFML/lib/libsfml-audio-s.a" />
			<Add library="../../../../../../../Program Files/CodeBlocks/SFML/lib/libsfml-audio-s-d.a" />
			<Add library="../../../../../../../Program Files/CodeBlocks/SFML/lib/libsfml-graphics.a" />
			<Add library="../../../../../../../Program Files/CodeBlocks/SFML/lib/libsfml-graphics-d.a" />
			<Add library="../../../../../../../Program Files/CodeBlocks/SFML/lib/libsfml-graphics-s.a" />
			<Add library="../../../../../../../Program Files/CodeBlocks/SFML/lib/libsfml-graphics-s-d.a" />
			<Add library="../../../../../../../Program Files/CodeBlocks/SFML/lib/libsfml-main.a" />
			<Add library="../../../../../../../Program Files/CodeBlocks/SFML/lib/libsfml-main-d.a" />
			<Add library="../../../../../../../Program Files/CodeBlocks/SFML/lib/libsfml-network.a" />
			<Add library="../../../../../../../Program Files/CodeBlocks/SFML/lib/libsfml-network-d.a" />
			<Add library="../../../../../../../Program Files/CodeBlocks/SFML/lib/libsfml-network-s.a" />
			<Add library="../../../../../../../Program Files/CodeBlocks/SFML/lib/libsfml-network-s-d.a" />
			<Add library="../../../../../../../Program Files/CodeBlocks/SFML/lib/libsfml-system.a" />
			<Add library="../../../../../../../Program Files/CodeBlocks/SFML/lib/libsfml-system-d.a" />
			<Add library="../../../../../../../Program Files/CodeBlocks/SFML/lib/libsfml-system-s.a" />
			<Add library="../../../../../../../Program Files/CodeBlocks/SFML/lib/libsfml-system-s-d.a" />
			<Add library="../../../../../../../Program Files/CodeBlocks/SFML/lib/libsfml-window.a" />
			<Add library="../../../../../../../Program Files/CodeBlocks/SFML/lib/libsfml-window-d.a" />
			<Add library="../../../../../../../Program Files/CodeBlocks/SFML/lib/libsfml-window-s.a" />
			<Add library="../../../../../../../Program Files/CodeBlocks/SFML/lib/libsfml-window-s-d.a" />
			<Add library="../../../../../../../Program Files/CodeBlocks/SFML/lib/libvorbis.a" />
			<Add library="../../../../../../../Program Files/CodeBlocks/SFML/lib/libvorbisenc.a" />
			<Add library="../../../../../../../Program Files/CodeBlocks/SFML/lib/libvorbisfile.a" />
			<Add directory="../../../../../../../Program Files/CodeBlocks/SFML/lib" />
		</Linker>
		<Unit filename="Second sfml.cpp" />
		<Extensions>
			<lib_finder disable_auto="1" />
		</Extensions>
	</Project>
</CodeBlocks_project_file>
